
Microsoft Visual Studio Solution File, Format Version 12.00
# Visual Studio Version 16
VisualStudioVersion = 16.0.31515.178
MinimumVisualStudioVersion = 10.0.40219.1
Project("{FAE04EC0-301F-11D3-BF4B-00C04F79EFBC}") = "PostGradUser", "PostGradUser\PostGradUser.csproj", "{BD68A7E1-1666-446D-945D-1656E17356A4}"
EndProject
Global
	GlobalSection(SolutionConfigurationPlatforms) = preSolution
		Debug|Any CPU = Debug|Any CPU
		Release|Any CPU = Release|Any CPU
	EndGlobalSection
	GlobalSection(ProjectConfigurationPlatforms) = postSolution
		{BD68A7E1-1666-446D-945D-1656E17356A4}.Debug|Any CPU.ActiveCfg = Debug|Any CPU
		{BD68A7E1-1666-446D-945D-1656E17356A4}.Debug|Any CPU.Build.0 = Debug|Any CPU
		{BD68A7E1-1666-446D-945D-1656E17356A4}.Release|Any CPU.ActiveCfg = Release|Any CPU
		{BD68A7E1-1666-446D-945D-1656E17356A4}.Release|Any CPU.Build.0 = Release|Any CPU
	EndGlobalSection
	GlobalSection(SolutionProperties) = preSolution
		HideSolutionNode = FALSE
	EndGlobalSection
	GlobalSection(ExtensibilityGlobals) = postSolution
		SolutionGuid = {C9EB7888-0AF2-460E-8B0C-CC5B4664C2A4}
	EndGlobalSection
EndGlobal
